
Microsoft Visual Studio Solution File, Format Version 12.00
# Visual Studio Version 17
VisualStudioVersion = 17.1.32319.34
MinimumVisualStudioVersion = 10.0.40219.1
Project("{2150E333-8FDC-42A3-9474-1A3956D46DE8}") = "src", "src", "{2260E2F8-877E-48C1-B41C-4814466493FD}"
EndProject
Project("{2150E333-8FDC-42A3-9474-1A3956D46DE8}") = "test", "test", "{BFDFD425-DDA6-492E-9AE5-F14ACA80532A}"
EndProject
Project("{2150E333-8FDC-42A3-9474-1A3956D46DE8}") = "BeverageFoodOtomat", "BeverageFoodOtomat", "{8F3F428C-80FD-4478-B47F-920E93409752}"
EndProject
Project("{2150E333-8FDC-42A3-9474-1A3956D46DE8}") = "CorePackages", "CorePackages", "{AC174737-D457-45CB-8F4B-FA3320DC887D}"
EndProject
Project("{9A19103F-16F7-4668-BE54-9A1E7A4F7556}") = "Domain", "src\BeverageFoodOtomat\Domain\Domain\Domain.csproj", "{68E2D106-D4F3-4162-AF8C-05A3E182BDDB}"
EndProject
Project("{9A19103F-16F7-4668-BE54-9A1E7A4F7556}") = "Persistance", "src\BeverageFoodOtomat\Persistence\Persistance\Persistance.csproj", "{DF1B06DE-45B3-4BE3-8F5D-37BCB02EF498}"
EndProject
Project("{9A19103F-16F7-4668-BE54-9A1E7A4F7556}") = "Core.Application", "src\corePackages\Core.Application\Core.Application.csproj", "{EDADDB5F-8F6F-409B-BD66-3D40C8EC126F}"
EndProject
Project("{9A19103F-16F7-4668-BE54-9A1E7A4F7556}") = "Core.CrossCuttingConcerns", "src\corePackages\Core.CrossCuttingConcerns\Core.CrossCuttingConcerns.csproj", "{5E161C93-CE5B-4B1C-A1E1-9E3ACBB14D3E}"
EndProject
Project("{9A19103F-16F7-4668-BE54-9A1E7A4F7556}") = "Core.Persistence", "src\corePackages\Core.Persistence\Core.Persistence.csproj", "{519823FB-10A2-4EB1-8225-ECF84C84DE86}"
EndProject
Project("{9A19103F-16F7-4668-BE54-9A1E7A4F7556}") = "Application", "src\BeverageFoodOtomat\Application\Application.csproj", "{F2CF5FA4-15CE-462B-B617-22B3A1108E65}"
EndProject
Project("{9A19103F-16F7-4668-BE54-9A1E7A4F7556}") = "WepAPI", "src\BeverageFoodOtomat\WepAPI\WepAPI.csproj", "{D8D96C41-2DA4-4DCF-9F94-6DFB14215065}"
EndProject
Project("{9A19103F-16F7-4668-BE54-9A1E7A4F7556}") = "Application.test", "Application.test\Application.test.csproj", "{71CE8CFD-1CF2-4CFC-81E6-77EB853A5093}"
EndProject
Project("{9A19103F-16F7-4668-BE54-9A1E7A4F7556}") = "Core.Test", "src\corePackages\Core.Test\Core.Test.csproj", "{1D157073-88A2-4631-BCB3-CE8C3466F38C}"
EndProject
Global
	GlobalSection(SolutionConfigurationPlatforms) = preSolution
		Debug|Any CPU = Debug|Any CPU
		Release|Any CPU = Release|Any CPU
	EndGlobalSection
	GlobalSection(ProjectConfigurationPlatforms) = postSolution
		{68E2D106-D4F3-4162-AF8C-05A3E182BDDB}.Debug|Any CPU.ActiveCfg = Debug|Any CPU
		{68E2D106-D4F3-4162-AF8C-05A3E182BDDB}.Debug|Any CPU.Build.0 = Debug|Any CPU
		{68E2D106-D4F3-4162-AF8C-05A3E182BDDB}.Release|Any CPU.ActiveCfg = Release|Any CPU
		{68E2D106-D4F3-4162-AF8C-05A3E182BDDB}.Release|Any CPU.Build.0 = Release|Any CPU
		{DF1B06DE-45B3-4BE3-8F5D-37BCB02EF498}.Debug|Any CPU.ActiveCfg = Debug|Any CPU
		{DF1B06DE-45B3-4BE3-8F5D-37BCB02EF498}.Debug|Any CPU.Build.0 = Debug|Any CPU
		{DF1B06DE-45B3-4BE3-8F5D-37BCB02EF498}.Release|Any CPU.ActiveCfg = Release|Any CPU
		{DF1B06DE-45B3-4BE3-8F5D-37BCB02EF498}.Release|Any CPU.Build.0 = Release|Any CPU
		{EDADDB5F-8F6F-409B-BD66-3D40C8EC126F}.Debug|Any CPU.ActiveCfg = Debug|Any CPU
		{EDADDB5F-8F6F-409B-BD66-3D40C8EC126F}.Debug|Any CPU.Build.0 = Debug|Any CPU
		{EDADDB5F-8F6F-409B-BD66-3D40C8EC126F}.Release|Any CPU.ActiveCfg = Release|Any CPU
		{EDADDB5F-8F6F-409B-BD66-3D40C8EC126F}.Release|Any CPU.Build.0 = Release|Any CPU
		{5E161C93-CE5B-4B1C-A1E1-9E3ACBB14D3E}.Debug|Any CPU.ActiveCfg = Debug|Any CPU
		{5E161C93-CE5B-4B1C-A1E1-9E3ACBB14D3E}.Debug|Any CPU.Build.0 = Debug|Any CPU
		{5E161C93-CE5B-4B1C-A1E1-9E3ACBB14D3E}.Release|Any CPU.ActiveCfg = Release|Any CPU
		{5E161C93-CE5B-4B1C-A1E1-9E3ACBB14D3E}.Release|Any CPU.Build.0 = Release|Any CPU
		{519823FB-10A2-4EB1-8225-ECF84C84DE86}.Debug|Any CPU.ActiveCfg = Debug|Any CPU
		{519823FB-10A2-4EB1-8225-ECF84C84DE86}.Debug|Any CPU.Build.0 = Debug|Any CPU
		{519823FB-10A2-4EB1-8225-ECF84C84DE86}.Release|Any CPU.ActiveCfg = Release|Any CPU
		{519823FB-10A2-4EB1-8225-ECF84C84DE86}.Release|Any CPU.Build.0 = Release|Any CPU
		{F2CF5FA4-15CE-462B-B617-22B3A1108E65}.Debug|Any CPU.ActiveCfg = Debug|Any CPU
		{F2CF5FA4-15CE-462B-B617-22B3A1108E65}.Debug|Any CPU.Build.0 = Debug|Any CPU
		{F2CF5FA4-15CE-462B-B617-22B3A1108E65}.Release|Any CPU.ActiveCfg = Release|Any CPU
		{F2CF5FA4-15CE-462B-B617-22B3A1108E65}.Release|Any CPU.Build.0 = Release|Any CPU
		{D8D96C41-2DA4-4DCF-9F94-6DFB14215065}.Debug|Any CPU.ActiveCfg = Debug|Any CPU
		{D8D96C41-2DA4-4DCF-9F94-6DFB14215065}.Debug|Any CPU.Build.0 = Debug|Any CPU
		{D8D96C41-2DA4-4DCF-9F94-6DFB14215065}.Release|Any CPU.ActiveCfg = Release|Any CPU
		{D8D96C41-2DA4-4DCF-9F94-6DFB14215065}.Release|Any CPU.Build.0 = Release|Any CPU
		{71CE8CFD-1CF2-4CFC-81E6-77EB853A5093}.Debug|Any CPU.ActiveCfg = Debug|Any CPU
		{71CE8CFD-1CF2-4CFC-81E6-77EB853A5093}.Debug|Any CPU.Build.0 = Debug|Any CPU
		{71CE8CFD-1CF2-4CFC-81E6-77EB853A5093}.Release|Any CPU.ActiveCfg = Release|Any CPU
		{71CE8CFD-1CF2-4CFC-81E6-77EB853A5093}.Release|Any CPU.Build.0 = Release|Any CPU
		{1D157073-88A2-4631-BCB3-CE8C3466F38C}.Debug|Any CPU.ActiveCfg = Debug|Any CPU
		{1D157073-88A2-4631-BCB3-CE8C3466F38C}.Debug|Any CPU.Build.0 = Debug|Any CPU
		{1D157073-88A2-4631-BCB3-CE8C3466F38C}.Release|Any CPU.ActiveCfg = Release|Any CPU
		{1D157073-88A2-4631-BCB3-CE8C3466F38C}.Release|Any CPU.Build.0 = Release|Any CPU
	EndGlobalSection
	GlobalSection(SolutionProperties) = preSolution
		HideSolutionNode = FALSE
	EndGlobalSection
	GlobalSection(NestedProjects) = preSolution
		{8F3F428C-80FD-4478-B47F-920E93409752} = {2260E2F8-877E-48C1-B41C-4814466493FD}
		{AC174737-D457-45CB-8F4B-FA3320DC887D} = {2260E2F8-877E-48C1-B41C-4814466493FD}
		{68E2D106-D4F3-4162-AF8C-05A3E182BDDB} = {8F3F428C-80FD-4478-B47F-920E93409752}
		{DF1B06DE-45B3-4BE3-8F5D-37BCB02EF498} = {8F3F428C-80FD-4478-B47F-920E93409752}
		{EDADDB5F-8F6F-409B-BD66-3D40C8EC126F} = {AC174737-D457-45CB-8F4B-FA3320DC887D}
		{5E161C93-CE5B-4B1C-A1E1-9E3ACBB14D3E} = {AC174737-D457-45CB-8F4B-FA3320DC887D}
		{519823FB-10A2-4EB1-8225-ECF84C84DE86} = {AC174737-D457-45CB-8F4B-FA3320DC887D}
		{F2CF5FA4-15CE-462B-B617-22B3A1108E65} = {8F3F428C-80FD-4478-B47F-920E93409752}
		{D8D96C41-2DA4-4DCF-9F94-6DFB14215065} = {8F3F428C-80FD-4478-B47F-920E93409752}
		{71CE8CFD-1CF2-4CFC-81E6-77EB853A5093} = {BFDFD425-DDA6-492E-9AE5-F14ACA80532A}
		{1D157073-88A2-4631-BCB3-CE8C3466F38C} = {AC174737-D457-45CB-8F4B-FA3320DC887D}
	EndGlobalSection
	GlobalSection(ExtensibilityGlobals) = postSolution
		SolutionGuid = {A0FABF37-EF1D-4CF9-B4EA-69D15ED97A1C}
	EndGlobalSection
EndGlobal
